
Microsoft Visual Studio Solution File, Format Version 12.00
# Visual Studio 15
VisualStudioVersion = 15.0.28307.421
MinimumVisualStudioVersion = 10.0.40219.1
Project("{9A19103F-16F7-4668-BE54-9A1E7A4F7556}") = "ProjectCore", "ProjectCore\ProjectCore.csproj", "{BC47EF7B-B29B-48A8-8B31-191EC30A0EA7}"
EndProject
Project("{9A19103F-16F7-4668-BE54-9A1E7A4F7556}") = "ProjectCore.DAL", "ProjectCore.DAL\ProjectCore.DAL.csproj", "{916875C6-231D-4CAB-BD0B-0466C11D80D4}"
EndProject
Project("{FAE04EC0-301F-11D3-BF4B-00C04F79EFBC}") = "ProjectCore.Logica", "Project.Logica\ProjectCore.Logica.csproj", "{D2210AAF-2FD7-4A3B-9DFF-9ECB37E3E365}"
EndProject
Global
	GlobalSection(SolutionConfigurationPlatforms) = preSolution
		Debug|Any CPU = Debug|Any CPU
		Release|Any CPU = Release|Any CPU
	EndGlobalSection
	GlobalSection(ProjectConfigurationPlatforms) = postSolution
		{BC47EF7B-B29B-48A8-8B31-191EC30A0EA7}.Debug|Any CPU.ActiveCfg = Debug|Any CPU
		{BC47EF7B-B29B-48A8-8B31-191EC30A0EA7}.Debug|Any CPU.Build.0 = Debug|Any CPU
		{BC47EF7B-B29B-48A8-8B31-191EC30A0EA7}.Release|Any CPU.ActiveCfg = Release|Any CPU
		{BC47EF7B-B29B-48A8-8B31-191EC30A0EA7}.Release|Any CPU.Build.0 = Release|Any CPU
		{916875C6-231D-4CAB-BD0B-0466C11D80D4}.Debug|Any CPU.ActiveCfg = Debug|Any CPU
		{916875C6-231D-4CAB-BD0B-0466C11D80D4}.Debug|Any CPU.Build.0 = Debug|Any CPU
		{916875C6-231D-4CAB-BD0B-0466C11D80D4}.Release|Any CPU.ActiveCfg = Release|Any CPU
		{916875C6-231D-4CAB-BD0B-0466C11D80D4}.Release|Any CPU.Build.0 = Release|Any CPU
		{D2210AAF-2FD7-4A3B-9DFF-9ECB37E3E365}.Debug|Any CPU.ActiveCfg = Debug|Any CPU
		{D2210AAF-2FD7-4A3B-9DFF-9ECB37E3E365}.Debug|Any CPU.Build.0 = Debug|Any CPU
		{D2210AAF-2FD7-4A3B-9DFF-9ECB37E3E365}.Release|Any CPU.ActiveCfg = Release|Any CPU
		{D2210AAF-2FD7-4A3B-9DFF-9ECB37E3E365}.Release|Any CPU.Build.0 = Release|Any CPU
	EndGlobalSection
	GlobalSection(SolutionProperties) = preSolution
		HideSolutionNode = FALSE
	EndGlobalSection
	GlobalSection(ExtensibilityGlobals) = postSolution
		SolutionGuid = {A0442A8D-673F-4DBF-8DE8-2133BB18BE28}
	EndGlobalSection
EndGlobal
